
Microsoft Visual Studio Solution File, Format Version 12.00
# Visual Studio Version 17
VisualStudioVersion = 17.1.32210.238
MinimumVisualStudioVersion = 10.0.40219.1
Project("{2150E333-8FDC-42A3-9474-1A3956D46DE8}") = "Web", "Web", "{D87FDA71-75B9-42C1-8CE6-AAF525EEDE68}"
EndProject
Project("{2150E333-8FDC-42A3-9474-1A3956D46DE8}") = "Solution Items", "Solution Items", "{EEA18093-FC5B-4090-8932-F55A204DDD2B}"
	ProjectSection(SolutionItems) = preProject
		.gitignore = .gitignore
	EndProjectSection
EndProject
Project("{9A19103F-16F7-4668-BE54-9A1E7A4F7556}") = "AOMMembers.Common", "AOMMembers.Common\AOMMembers.Common.csproj", "{353C3203-238D-4BB2-B10E-FEFD8F52AC59}"
EndProject
Project("{2150E333-8FDC-42A3-9474-1A3956D46DE8}") = "Data", "Data", "{3471E514-5096-4CCD-9738-5E95F137E164}"
EndProject
Project("{2150E333-8FDC-42A3-9474-1A3956D46DE8}") = "Services", "Services", "{C1EC021B-859F-4A7D-9C96-9FE79EFD193E}"
EndProject
Project("{2150E333-8FDC-42A3-9474-1A3956D46DE8}") = "Tests", "Tests", "{80ECB49D-1076-4703-9476-E9A00EE29F12}"
EndProject
Project("{9A19103F-16F7-4668-BE54-9A1E7A4F7556}") = "AOMMembers.Data", "Data\AOMMembers.Data\AOMMembers.Data.csproj", "{C41D9ACA-BAE9-4CC8-ABD1-60D62188A7DD}"
EndProject
Project("{9A19103F-16F7-4668-BE54-9A1E7A4F7556}") = "AOMMembers.Data.Common", "Data\AOMMembers.Data.Common\AOMMembers.Data.Common.csproj", "{B1E0B86E-EDFF-488E-9EA0-F73DAD09224A}"
EndProject
Project("{9A19103F-16F7-4668-BE54-9A1E7A4F7556}") = "AOMMembers.Data.Models", "Data\AOMMembers.Data.Models\AOMMembers.Data.Models.csproj", "{2D8E1E57-F39E-4FA9-914F-1765AD9A1FA5}"
EndProject
Project("{9A19103F-16F7-4668-BE54-9A1E7A4F7556}") = "AOMMembers.Services", "Services\AOMMembers.Services\AOMMembers.Services.csproj", "{4B370C31-1B7E-491D-BCA0-FD9AA19D1D85}"
EndProject
Project("{9A19103F-16F7-4668-BE54-9A1E7A4F7556}") = "AOMMembers.Services.Data", "Services\AOMMembers.Services.Data\AOMMembers.Services.Data.csproj", "{4BEE4881-468F-48D9-BA3B-680E421679A1}"
EndProject
Project("{9A19103F-16F7-4668-BE54-9A1E7A4F7556}") = "AOMMembers.Services.Mapping", "Services\AOMMembers.Services.Mapping\AOMMembers.Services.Mapping.csproj", "{F8138532-CFE1-40A2-BC88-0E050D0A6AE2}"
EndProject
Project("{9A19103F-16F7-4668-BE54-9A1E7A4F7556}") = "AOMMembers.Services.Messaging", "Services\AOMMembers.Services.Messaging\AOMMembers.Services.Messaging.csproj", "{67982A10-8F29-41D5-B778-51C7D5F75288}"
EndProject
Project("{9A19103F-16F7-4668-BE54-9A1E7A4F7556}") = "AOMMembers.Services.Data.Tests", "Tests\AOMMembers.Services.Data.Tests\AOMMembers.Services.Data.Tests.csproj", "{1C859008-507D-477C-A4F0-19E741952297}"
EndProject
Project("{9A19103F-16F7-4668-BE54-9A1E7A4F7556}") = "AOMMembers.Web.Tests", "Tests\AOMMembers.Web.Tests\AOMMembers.Web.Tests.csproj", "{CD84090F-7161-46D5-97E2-4BA3AFE33D89}"
EndProject
Project("{9A19103F-16F7-4668-BE54-9A1E7A4F7556}") = "Sandbox", "Tests\Sandbox\Sandbox.csproj", "{C899E8A2-392E-478A-8630-BAAFEE46523B}"
EndProject
Project("{9A19103F-16F7-4668-BE54-9A1E7A4F7556}") = "AOMMembers.Web", "Web\AOMMembers.Web\AOMMembers.Web.csproj", "{3B5E094C-29B2-4E45-9C6F-FEE76450BB70}"
EndProject
Project("{9A19103F-16F7-4668-BE54-9A1E7A4F7556}") = "AOMMembers.Web.Infrastructure", "Web\AOMMembers.Web.Infrastructure\AOMMembers.Web.Infrastructure.csproj", "{A11D5621-5394-4A90-9F7F-3D6F4A0FC685}"
EndProject
Project("{9A19103F-16F7-4668-BE54-9A1E7A4F7556}") = "AOMMembers.Web.ViewModels", "Web\AOMMembers.Web.ViewModels\AOMMembers.Web.ViewModels.csproj", "{78A39DCC-B8D6-4220-B601-821E9E719CAD}"
EndProject
Global
	GlobalSection(SolutionConfigurationPlatforms) = preSolution
		Debug|Any CPU = Debug|Any CPU
		Release|Any CPU = Release|Any CPU
	EndGlobalSection
	GlobalSection(ProjectConfigurationPlatforms) = postSolution
		{353C3203-238D-4BB2-B10E-FEFD8F52AC59}.Debug|Any CPU.ActiveCfg = Debug|Any CPU
		{353C3203-238D-4BB2-B10E-FEFD8F52AC59}.Debug|Any CPU.Build.0 = Debug|Any CPU
		{353C3203-238D-4BB2-B10E-FEFD8F52AC59}.Release|Any CPU.ActiveCfg = Release|Any CPU
		{353C3203-238D-4BB2-B10E-FEFD8F52AC59}.Release|Any CPU.Build.0 = Release|Any CPU
		{C41D9ACA-BAE9-4CC8-ABD1-60D62188A7DD}.Debug|Any CPU.ActiveCfg = Debug|Any CPU
		{C41D9ACA-BAE9-4CC8-ABD1-60D62188A7DD}.Debug|Any CPU.Build.0 = Debug|Any CPU
		{C41D9ACA-BAE9-4CC8-ABD1-60D62188A7DD}.Release|Any CPU.ActiveCfg = Release|Any CPU
		{C41D9ACA-BAE9-4CC8-ABD1-60D62188A7DD}.Release|Any CPU.Build.0 = Release|Any CPU
		{B1E0B86E-EDFF-488E-9EA0-F73DAD09224A}.Debug|Any CPU.ActiveCfg = Debug|Any CPU
		{B1E0B86E-EDFF-488E-9EA0-F73DAD09224A}.Debug|Any CPU.Build.0 = Debug|Any CPU
		{B1E0B86E-EDFF-488E-9EA0-F73DAD09224A}.Release|Any CPU.ActiveCfg = Release|Any CPU
		{B1E0B86E-EDFF-488E-9EA0-F73DAD09224A}.Release|Any CPU.Build.0 = Release|Any CPU
		{2D8E1E57-F39E-4FA9-914F-1765AD9A1FA5}.Debug|Any CPU.ActiveCfg = Debug|Any CPU
		{2D8E1E57-F39E-4FA9-914F-1765AD9A1FA5}.Debug|Any CPU.Build.0 = Debug|Any CPU
		{2D8E1E57-F39E-4FA9-914F-1765AD9A1FA5}.Release|Any CPU.ActiveCfg = Release|Any CPU
		{2D8E1E57-F39E-4FA9-914F-1765AD9A1FA5}.Release|Any CPU.Build.0 = Release|Any CPU
		{4B370C31-1B7E-491D-BCA0-FD9AA19D1D85}.Debug|Any CPU.ActiveCfg = Debug|Any CPU
		{4B370C31-1B7E-491D-BCA0-FD9AA19D1D85}.Debug|Any CPU.Build.0 = Debug|Any CPU
		{4B370C31-1B7E-491D-BCA0-FD9AA19D1D85}.Release|Any CPU.ActiveCfg = Release|Any CPU
		{4B370C31-1B7E-491D-BCA0-FD9AA19D1D85}.Release|Any CPU.Build.0 = Release|Any CPU
		{4BEE4881-468F-48D9-BA3B-680E421679A1}.Debug|Any CPU.ActiveCfg = Debug|Any CPU
		{4BEE4881-468F-48D9-BA3B-680E421679A1}.Debug|Any CPU.Build.0 = Debug|Any CPU
		{4BEE4881-468F-48D9-BA3B-680E421679A1}.Release|Any CPU.ActiveCfg = Release|Any CPU
		{4BEE4881-468F-48D9-BA3B-680E421679A1}.Release|Any CPU.Build.0 = Release|Any CPU
		{F8138532-CFE1-40A2-BC88-0E050D0A6AE2}.Debug|Any CPU.ActiveCfg = Debug|Any CPU
		{F8138532-CFE1-40A2-BC88-0E050D0A6AE2}.Debug|Any CPU.Build.0 = Debug|Any CPU
		{F8138532-CFE1-40A2-BC88-0E050D0A6AE2}.Release|Any CPU.ActiveCfg = Release|Any CPU
		{F8138532-CFE1-40A2-BC88-0E050D0A6AE2}.Release|Any CPU.Build.0 = Release|Any CPU
		{67982A10-8F29-41D5-B778-51C7D5F75288}.Debug|Any CPU.ActiveCfg = Debug|Any CPU
		{67982A10-8F29-41D5-B778-51C7D5F75288}.Debug|Any CPU.Build.0 = Debug|Any CPU
		{67982A10-8F29-41D5-B778-51C7D5F75288}.Release|Any CPU.ActiveCfg = Release|Any CPU
		{67982A10-8F29-41D5-B778-51C7D5F75288}.Release|Any CPU.Build.0 = Release|Any CPU
		{1C859008-507D-477C-A4F0-19E741952297}.Debug|Any CPU.ActiveCfg = Debug|Any CPU
		{1C859008-507D-477C-A4F0-19E741952297}.Debug|Any CPU.Build.0 = Debug|Any CPU
		{1C859008-507D-477C-A4F0-19E741952297}.Release|Any CPU.ActiveCfg = Release|Any CPU
		{1C859008-507D-477C-A4F0-19E741952297}.Release|Any CPU.Build.0 = Release|Any CPU
		{CD84090F-7161-46D5-97E2-4BA3AFE33D89}.Debug|Any CPU.ActiveCfg = Debug|Any CPU
		{CD84090F-7161-46D5-97E2-4BA3AFE33D89}.Debug|Any CPU.Build.0 = Debug|Any CPU
		{CD84090F-7161-46D5-97E2-4BA3AFE33D89}.Release|Any CPU.ActiveCfg = Release|Any CPU
		{CD84090F-7161-46D5-97E2-4BA3AFE33D89}.Release|Any CPU.Build.0 = Release|Any CPU
		{C899E8A2-392E-478A-8630-BAAFEE46523B}.Debug|Any CPU.ActiveCfg = Debug|Any CPU
		{C899E8A2-392E-478A-8630-BAAFEE46523B}.Debug|Any CPU.Build.0 = Debug|Any CPU
		{C899E8A2-392E-478A-8630-BAAFEE46523B}.Release|Any CPU.ActiveCfg = Release|Any CPU
		{C899E8A2-392E-478A-8630-BAAFEE46523B}.Release|Any CPU.Build.0 = Release|Any CPU
		{3B5E094C-29B2-4E45-9C6F-FEE76450BB70}.Debug|Any CPU.ActiveCfg = Debug|Any CPU
		{3B5E094C-29B2-4E45-9C6F-FEE76450BB70}.Debug|Any CPU.Build.0 = Debug|Any CPU
		{3B5E094C-29B2-4E45-9C6F-FEE76450BB70}.Release|Any CPU.ActiveCfg = Release|Any CPU
		{3B5E094C-29B2-4E45-9C6F-FEE76450BB70}.Release|Any CPU.Build.0 = Release|Any CPU
		{A11D5621-5394-4A90-9F7F-3D6F4A0FC685}.Debug|Any CPU.ActiveCfg = Debug|Any CPU
		{A11D5621-5394-4A90-9F7F-3D6F4A0FC685}.Debug|Any CPU.Build.0 = Debug|Any CPU
		{A11D5621-5394-4A90-9F7F-3D6F4A0FC685}.Release|Any CPU.ActiveCfg = Release|Any CPU
		{A11D5621-5394-4A90-9F7F-3D6F4A0FC685}.Release|Any CPU.Build.0 = Release|Any CPU
		{78A39DCC-B8D6-4220-B601-821E9E719CAD}.Debug|Any CPU.ActiveCfg = Debug|Any CPU
		{78A39DCC-B8D6-4220-B601-821E9E719CAD}.Debug|Any CPU.Build.0 = Debug|Any CPU
		{78A39DCC-B8D6-4220-B601-821E9E719CAD}.Release|Any CPU.ActiveCfg = Release|Any CPU
		{78A39DCC-B8D6-4220-B601-821E9E719CAD}.Release|Any CPU.Build.0 = Release|Any CPU
	EndGlobalSection
	GlobalSection(SolutionProperties) = preSolution
		HideSolutionNode = FALSE
	EndGlobalSection
	GlobalSection(NestedProjects) = preSolution
		{C41D9ACA-BAE9-4CC8-ABD1-60D62188A7DD} = {3471E514-5096-4CCD-9738-5E95F137E164}
		{B1E0B86E-EDFF-488E-9EA0-F73DAD09224A} = {3471E514-5096-4CCD-9738-5E95F137E164}
		{2D8E1E57-F39E-4FA9-914F-1765AD9A1FA5} = {3471E514-5096-4CCD-9738-5E95F137E164}
		{4B370C31-1B7E-491D-BCA0-FD9AA19D1D85} = {C1EC021B-859F-4A7D-9C96-9FE79EFD193E}
		{4BEE4881-468F-48D9-BA3B-680E421679A1} = {C1EC021B-859F-4A7D-9C96-9FE79EFD193E}
		{F8138532-CFE1-40A2-BC88-0E050D0A6AE2} = {C1EC021B-859F-4A7D-9C96-9FE79EFD193E}
		{67982A10-8F29-41D5-B778-51C7D5F75288} = {C1EC021B-859F-4A7D-9C96-9FE79EFD193E}
		{1C859008-507D-477C-A4F0-19E741952297} = {80ECB49D-1076-4703-9476-E9A00EE29F12}
		{CD84090F-7161-46D5-97E2-4BA3AFE33D89} = {80ECB49D-1076-4703-9476-E9A00EE29F12}
		{C899E8A2-392E-478A-8630-BAAFEE46523B} = {80ECB49D-1076-4703-9476-E9A00EE29F12}
		{3B5E094C-29B2-4E45-9C6F-FEE76450BB70} = {D87FDA71-75B9-42C1-8CE6-AAF525EEDE68}
		{A11D5621-5394-4A90-9F7F-3D6F4A0FC685} = {D87FDA71-75B9-42C1-8CE6-AAF525EEDE68}
		{78A39DCC-B8D6-4220-B601-821E9E719CAD} = {D87FDA71-75B9-42C1-8CE6-AAF525EEDE68}
	EndGlobalSection
	GlobalSection(ExtensibilityGlobals) = postSolution
		SolutionGuid = {48335FEA-AAB3-4FD3-9750-EEB08826BBD4}
	EndGlobalSection
EndGlobal
