
Microsoft Visual Studio Solution File, Format Version 12.00
# Visual Studio Version 17
VisualStudioVersion = 17.1.32210.238
MinimumVisualStudioVersion = 10.0.40219.1
Project("{9A19103F-16F7-4668-BE54-9A1E7A4F7556}") = "AOMMembers.Web", "AOMMembers.Web\AOMMembers.Web.csproj", "{99B89B7F-1397-4F2B-A575-4C36DF3F1618}"
EndProject
Project("{2150E333-8FDC-42A3-9474-1A3956D46DE8}") = "Web", "Web", "{D87FDA71-75B9-42C1-8CE6-AAF525EEDE68}"
EndProject
Project("{2150E333-8FDC-42A3-9474-1A3956D46DE8}") = "Solution Items", "Solution Items", "{EEA18093-FC5B-4090-8932-F55A204DDD2B}"
	ProjectSection(SolutionItems) = preProject
		.gitignore = .gitignore
	EndProjectSection
EndProject
Project("{FAE04EC0-301F-11D3-BF4B-00C04F79EFBC}") = "AOMMembers.Common", "AOMMembers.Common\AOMMembers.Common.csproj", "{353C3203-238D-4BB2-B10E-FEFD8F52AC59}"
EndProject
Project("{2150E333-8FDC-42A3-9474-1A3956D46DE8}") = "Data", "Data", "{3471E514-5096-4CCD-9738-5E95F137E164}"
EndProject
Project("{FAE04EC0-301F-11D3-BF4B-00C04F79EFBC}") = "AOMMembers.Data.Common", "AOMMembers.Data.Common\AOMMembers.Data.Common.csproj", "{4269650F-01A1-4301-A1EF-0BBCD71F11EA}"
EndProject
Project("{FAE04EC0-301F-11D3-BF4B-00C04F79EFBC}") = "AOMMembers.Data.Models", "AOMMembers.Data.Models\AOMMembers.Data.Models.csproj", "{4683FC4E-66E1-44CF-829C-B050C290FBA8}"
EndProject
Project("{FAE04EC0-301F-11D3-BF4B-00C04F79EFBC}") = "AOMMembers.Data", "AOMMembers.Data\AOMMembers.Data.csproj", "{701E749B-C9FB-48DC-86B9-FCF63CFB68B3}"
EndProject
Project("{2150E333-8FDC-42A3-9474-1A3956D46DE8}") = "Services", "Services", "{C1EC021B-859F-4A7D-9C96-9FE79EFD193E}"
EndProject
Project("{FAE04EC0-301F-11D3-BF4B-00C04F79EFBC}") = "AOMMembers.Services.Messaging", "AOMMembers.Services.Messaging\AOMMembers.Services.Messaging.csproj", "{AA77CDAA-7B54-4EB6-AC9A-4321D5E20A1D}"
EndProject
Project("{FAE04EC0-301F-11D3-BF4B-00C04F79EFBC}") = "AOMMembers.Services.Mapping", "AOMMembers.Services.Mapping\AOMMembers.Services.Mapping.csproj", "{C32EBC02-4069-4D9A-AA9C-7DE3996685AE}"
EndProject
Project("{FAE04EC0-301F-11D3-BF4B-00C04F79EFBC}") = "AOMMembers.Services.Data", "AOMMembers.Services.Data\AOMMembers.Services.Data.csproj", "{7A979F47-6FEB-409A-8039-7CBADDB1F373}"
EndProject
Project("{FAE04EC0-301F-11D3-BF4B-00C04F79EFBC}") = "AOMMembers.Services", "AOMMembers.Services\AOMMembers.Services.csproj", "{C46B9E30-7B63-4F2E-9064-166E78172C3D}"
EndProject
Project("{2150E333-8FDC-42A3-9474-1A3956D46DE8}") = "Tests", "Tests", "{80ECB49D-1076-4703-9476-E9A00EE29F12}"
EndProject
Project("{FAE04EC0-301F-11D3-BF4B-00C04F79EFBC}") = "AOMMembers.Services.Data.Tests", "AOMMembers.Services.Data.Tests\AOMMembers.Services.Data.Tests.csproj", "{52C1B794-5E7C-48C2-980F-6902CE32D23A}"
EndProject
Project("{FAE04EC0-301F-11D3-BF4B-00C04F79EFBC}") = "AOMMembers.Web.Tests", "AOMMembers.Web.Tests\AOMMembers.Web.Tests.csproj", "{9DC4C3FF-BCED-48C4-B94F-34C797CA1A6A}"
EndProject
Project("{FAE04EC0-301F-11D3-BF4B-00C04F79EFBC}") = "Sandbox", "Sandbox\Sandbox.csproj", "{D6CA7900-64FE-4673-850A-0FBFA16786B3}"
EndProject
Project("{FAE04EC0-301F-11D3-BF4B-00C04F79EFBC}") = "AOMMembers.Web.Infrastructure", "AOMMembers.Web.Infrastructure\AOMMembers.Web.Infrastructure.csproj", "{3E78BDE2-6B31-4A6F-BDC8-5A7F5D73EF4C}"
EndProject
Project("{FAE04EC0-301F-11D3-BF4B-00C04F79EFBC}") = "AOMMembers.Web.ViewModels", "AOMMembers.Web.ViewModels\AOMMembers.Web.ViewModels.csproj", "{C4151C97-1D65-4F73-A119-7F22C48A9605}"
EndProject
Global
	GlobalSection(SolutionConfigurationPlatforms) = preSolution
		Debug|Any CPU = Debug|Any CPU
		Release|Any CPU = Release|Any CPU
	EndGlobalSection
	GlobalSection(ProjectConfigurationPlatforms) = postSolution
		{99B89B7F-1397-4F2B-A575-4C36DF3F1618}.Debug|Any CPU.ActiveCfg = Debug|Any CPU
		{99B89B7F-1397-4F2B-A575-4C36DF3F1618}.Debug|Any CPU.Build.0 = Debug|Any CPU
		{99B89B7F-1397-4F2B-A575-4C36DF3F1618}.Release|Any CPU.ActiveCfg = Release|Any CPU
		{99B89B7F-1397-4F2B-A575-4C36DF3F1618}.Release|Any CPU.Build.0 = Release|Any CPU
		{353C3203-238D-4BB2-B10E-FEFD8F52AC59}.Debug|Any CPU.ActiveCfg = Debug|Any CPU
		{353C3203-238D-4BB2-B10E-FEFD8F52AC59}.Debug|Any CPU.Build.0 = Debug|Any CPU
		{353C3203-238D-4BB2-B10E-FEFD8F52AC59}.Release|Any CPU.ActiveCfg = Release|Any CPU
		{353C3203-238D-4BB2-B10E-FEFD8F52AC59}.Release|Any CPU.Build.0 = Release|Any CPU
		{4269650F-01A1-4301-A1EF-0BBCD71F11EA}.Debug|Any CPU.ActiveCfg = Debug|Any CPU
		{4269650F-01A1-4301-A1EF-0BBCD71F11EA}.Debug|Any CPU.Build.0 = Debug|Any CPU
		{4269650F-01A1-4301-A1EF-0BBCD71F11EA}.Release|Any CPU.ActiveCfg = Release|Any CPU
		{4269650F-01A1-4301-A1EF-0BBCD71F11EA}.Release|Any CPU.Build.0 = Release|Any CPU
		{4683FC4E-66E1-44CF-829C-B050C290FBA8}.Debug|Any CPU.ActiveCfg = Debug|Any CPU
		{4683FC4E-66E1-44CF-829C-B050C290FBA8}.Debug|Any CPU.Build.0 = Debug|Any CPU
		{4683FC4E-66E1-44CF-829C-B050C290FBA8}.Release|Any CPU.ActiveCfg = Release|Any CPU
		{4683FC4E-66E1-44CF-829C-B050C290FBA8}.Release|Any CPU.Build.0 = Release|Any CPU
		{701E749B-C9FB-48DC-86B9-FCF63CFB68B3}.Debug|Any CPU.ActiveCfg = Debug|Any CPU
		{701E749B-C9FB-48DC-86B9-FCF63CFB68B3}.Debug|Any CPU.Build.0 = Debug|Any CPU
		{701E749B-C9FB-48DC-86B9-FCF63CFB68B3}.Release|Any CPU.ActiveCfg = Release|Any CPU
		{701E749B-C9FB-48DC-86B9-FCF63CFB68B3}.Release|Any CPU.Build.0 = Release|Any CPU
		{AA77CDAA-7B54-4EB6-AC9A-4321D5E20A1D}.Debug|Any CPU.ActiveCfg = Debug|Any CPU
		{AA77CDAA-7B54-4EB6-AC9A-4321D5E20A1D}.Debug|Any CPU.Build.0 = Debug|Any CPU
		{AA77CDAA-7B54-4EB6-AC9A-4321D5E20A1D}.Release|Any CPU.ActiveCfg = Release|Any CPU
		{AA77CDAA-7B54-4EB6-AC9A-4321D5E20A1D}.Release|Any CPU.Build.0 = Release|Any CPU
		{C32EBC02-4069-4D9A-AA9C-7DE3996685AE}.Debug|Any CPU.ActiveCfg = Debug|Any CPU
		{C32EBC02-4069-4D9A-AA9C-7DE3996685AE}.Debug|Any CPU.Build.0 = Debug|Any CPU
		{C32EBC02-4069-4D9A-AA9C-7DE3996685AE}.Release|Any CPU.ActiveCfg = Release|Any CPU
		{C32EBC02-4069-4D9A-AA9C-7DE3996685AE}.Release|Any CPU.Build.0 = Release|Any CPU
		{7A979F47-6FEB-409A-8039-7CBADDB1F373}.Debug|Any CPU.ActiveCfg = Debug|Any CPU
		{7A979F47-6FEB-409A-8039-7CBADDB1F373}.Debug|Any CPU.Build.0 = Debug|Any CPU
		{7A979F47-6FEB-409A-8039-7CBADDB1F373}.Release|Any CPU.ActiveCfg = Release|Any CPU
		{7A979F47-6FEB-409A-8039-7CBADDB1F373}.Release|Any CPU.Build.0 = Release|Any CPU
		{C46B9E30-7B63-4F2E-9064-166E78172C3D}.Debug|Any CPU.ActiveCfg = Debug|Any CPU
		{C46B9E30-7B63-4F2E-9064-166E78172C3D}.Debug|Any CPU.Build.0 = Debug|Any CPU
		{C46B9E30-7B63-4F2E-9064-166E78172C3D}.Release|Any CPU.ActiveCfg = Release|Any CPU
		{C46B9E30-7B63-4F2E-9064-166E78172C3D}.Release|Any CPU.Build.0 = Release|Any CPU
		{52C1B794-5E7C-48C2-980F-6902CE32D23A}.Debug|Any CPU.ActiveCfg = Debug|Any CPU
		{52C1B794-5E7C-48C2-980F-6902CE32D23A}.Debug|Any CPU.Build.0 = Debug|Any CPU
		{52C1B794-5E7C-48C2-980F-6902CE32D23A}.Release|Any CPU.ActiveCfg = Release|Any CPU
		{52C1B794-5E7C-48C2-980F-6902CE32D23A}.Release|Any CPU.Build.0 = Release|Any CPU
		{9DC4C3FF-BCED-48C4-B94F-34C797CA1A6A}.Debug|Any CPU.ActiveCfg = Debug|Any CPU
		{9DC4C3FF-BCED-48C4-B94F-34C797CA1A6A}.Debug|Any CPU.Build.0 = Debug|Any CPU
		{9DC4C3FF-BCED-48C4-B94F-34C797CA1A6A}.Release|Any CPU.ActiveCfg = Release|Any CPU
		{9DC4C3FF-BCED-48C4-B94F-34C797CA1A6A}.Release|Any CPU.Build.0 = Release|Any CPU
		{D6CA7900-64FE-4673-850A-0FBFA16786B3}.Debug|Any CPU.ActiveCfg = Debug|Any CPU
		{D6CA7900-64FE-4673-850A-0FBFA16786B3}.Debug|Any CPU.Build.0 = Debug|Any CPU
		{D6CA7900-64FE-4673-850A-0FBFA16786B3}.Release|Any CPU.ActiveCfg = Release|Any CPU
		{D6CA7900-64FE-4673-850A-0FBFA16786B3}.Release|Any CPU.Build.0 = Release|Any CPU
		{3E78BDE2-6B31-4A6F-BDC8-5A7F5D73EF4C}.Debug|Any CPU.ActiveCfg = Debug|Any CPU
		{3E78BDE2-6B31-4A6F-BDC8-5A7F5D73EF4C}.Debug|Any CPU.Build.0 = Debug|Any CPU
		{3E78BDE2-6B31-4A6F-BDC8-5A7F5D73EF4C}.Release|Any CPU.ActiveCfg = Release|Any CPU
		{3E78BDE2-6B31-4A6F-BDC8-5A7F5D73EF4C}.Release|Any CPU.Build.0 = Release|Any CPU
		{C4151C97-1D65-4F73-A119-7F22C48A9605}.Debug|Any CPU.ActiveCfg = Debug|Any CPU
		{C4151C97-1D65-4F73-A119-7F22C48A9605}.Debug|Any CPU.Build.0 = Debug|Any CPU
		{C4151C97-1D65-4F73-A119-7F22C48A9605}.Release|Any CPU.ActiveCfg = Release|Any CPU
		{C4151C97-1D65-4F73-A119-7F22C48A9605}.Release|Any CPU.Build.0 = Release|Any CPU
	EndGlobalSection
	GlobalSection(SolutionProperties) = preSolution
		HideSolutionNode = FALSE
	EndGlobalSection
	GlobalSection(NestedProjects) = preSolution
		{99B89B7F-1397-4F2B-A575-4C36DF3F1618} = {D87FDA71-75B9-42C1-8CE6-AAF525EEDE68}
		{4269650F-01A1-4301-A1EF-0BBCD71F11EA} = {3471E514-5096-4CCD-9738-5E95F137E164}
		{4683FC4E-66E1-44CF-829C-B050C290FBA8} = {3471E514-5096-4CCD-9738-5E95F137E164}
		{701E749B-C9FB-48DC-86B9-FCF63CFB68B3} = {3471E514-5096-4CCD-9738-5E95F137E164}
		{AA77CDAA-7B54-4EB6-AC9A-4321D5E20A1D} = {C1EC021B-859F-4A7D-9C96-9FE79EFD193E}
		{C32EBC02-4069-4D9A-AA9C-7DE3996685AE} = {C1EC021B-859F-4A7D-9C96-9FE79EFD193E}
		{7A979F47-6FEB-409A-8039-7CBADDB1F373} = {C1EC021B-859F-4A7D-9C96-9FE79EFD193E}
		{C46B9E30-7B63-4F2E-9064-166E78172C3D} = {C1EC021B-859F-4A7D-9C96-9FE79EFD193E}
		{52C1B794-5E7C-48C2-980F-6902CE32D23A} = {80ECB49D-1076-4703-9476-E9A00EE29F12}
		{9DC4C3FF-BCED-48C4-B94F-34C797CA1A6A} = {80ECB49D-1076-4703-9476-E9A00EE29F12}
		{D6CA7900-64FE-4673-850A-0FBFA16786B3} = {80ECB49D-1076-4703-9476-E9A00EE29F12}
		{3E78BDE2-6B31-4A6F-BDC8-5A7F5D73EF4C} = {D87FDA71-75B9-42C1-8CE6-AAF525EEDE68}
		{C4151C97-1D65-4F73-A119-7F22C48A9605} = {D87FDA71-75B9-42C1-8CE6-AAF525EEDE68}
	EndGlobalSection
	GlobalSection(ExtensibilityGlobals) = postSolution
		SolutionGuid = {48335FEA-AAB3-4FD3-9750-EEB08826BBD4}
	EndGlobalSection
EndGlobal
